
Microsoft Visual Studio Solution File, Format Version 12.00
# Visual Studio Version 17
VisualStudioVersion = 17.1.32210.238
MinimumVisualStudioVersion = 10.0.40219.1
Project("{8BC9CEB8-8B4A-11D0-8D11-00A0C91BC942}") = "L13", "L13\L13.vcxproj", "{33D90575-F725-4812-A06C-CD955A854165}"
EndProject
Global
	GlobalSection(SolutionConfigurationPlatforms) = preSolution
		Debug|x64 = Debug|x64
		Debug|x86 = Debug|x86
		Release|x64 = Release|x64
		Release|x86 = Release|x86
	EndGlobalSection
	GlobalSection(ProjectConfigurationPlatforms) = postSolution
		{33D90575-F725-4812-A06C-CD955A854165}.Debug|x64.ActiveCfg = Debug|x64
		{33D90575-F725-4812-A06C-CD955A854165}.Debug|x64.Build.0 = Debug|x64
		{33D90575-F725-4812-A06C-CD955A854165}.Debug|x86.ActiveCfg = Debug|Win32
		{33D90575-F725-4812-A06C-CD955A854165}.Debug|x86.Build.0 = Debug|Win32
		{33D90575-F725-4812-A06C-CD955A854165}.Release|x64.ActiveCfg = Release|x64
		{33D90575-F725-4812-A06C-CD955A854165}.Release|x64.Build.0 = Release|x64
		{33D90575-F725-4812-A06C-CD955A854165}.Release|x86.ActiveCfg = Release|Win32
		{33D90575-F725-4812-A06C-CD955A854165}.Release|x86.Build.0 = Release|Win32
	EndGlobalSection
	GlobalSection(SolutionProperties) = preSolution
		HideSolutionNode = FALSE
	EndGlobalSection
	GlobalSection(ExtensibilityGlobals) = postSolution
		SolutionGuid = {CCA802CF-EC6B-431C-A1FA-5F67BA5CC97E}
	EndGlobalSection
EndGlobal
